// !$*UTF8*$!
{
	archiveVersion = 1;
	classes = {
	};
	objectVersion = 46;
	objects = {

/* Begin PBXBuildFile section */
		12DFE7631D677EC100E1A01C /* AppDelegate.swift in Sources */ = {isa = PBXBuildFile; fileRef = 12DFE7621D677EC100E1A01C /* AppDelegate.swift */; };
		12DFE7651D677EC100E1A01C /* ViewController.swift in Sources */ = {isa = PBXBuildFile; fileRef = 12DFE7641D677EC100E1A01C /* ViewController.swift */; };
		12DFE7681D677EC100E1A01C /* Main.storyboard in Resources */ = {isa = PBXBuildFile; fileRef = 12DFE7661D677EC100E1A01C /* Main.storyboard */; };
		12DFE76A1D677EC100E1A01C /* Assets.xcassets in Resources */ = {isa = PBXBuildFile; fileRef = 12DFE7691D677EC100E1A01C /* Assets.xcassets */; };
		12DFE76D1D677EC100E1A01C /* LaunchScreen.storyboard in Resources */ = {isa = PBXBuildFile; fileRef = 12DFE76B1D677EC100E1A01C /* LaunchScreen.storyboard */; };
		12DFE7751D6782D800E1A01C /* pokemon.csv in Resources */ = {isa = PBXBuildFile; fileRef = 12DFE7741D6782D800E1A01C /* pokemon.csv */; };
/* End PBXBuildFile section */

/* Begin PBXFileReference section */
		12DFE75F1D677EC100E1A01C /* PokemonGOPokedex.app */ = {isa = PBXFileReference; explicitFileType = wrapper.application; includeInIndex = 0; path = PokemonGOPokedex.app; sourceTree = BUILT_PRODUCTS_DIR; };
		12DFE7621D677EC100E1A01C /* AppDelegate.swift */ = {isa = PBXFileReference; lastKnownFileType = sourcecode.swift; path = AppDelegate.swift; sourceTree = "<group>"; };
		12DFE7641D677EC100E1A01C /* ViewController.swift */ = {isa = PBXFileReference; lastKnownFileType = sourcecode.swift; path = ViewController.swift; sourceTree = "<group>"; };
		12DFE7671D677EC100E1A01C /* Base */ = {isa = PBXFileReference; lastKnownFileType = file.storyboard; name = Base; path = Base.lproj/Main.storyboard; sourceTree = "<group>"; };
		12DFE7691D677EC100E1A01C /* Assets.xcassets */ = {isa = PBXFileReference; lastKnownFileType = folder.assetcatalog; path = Assets.xcassets; sourceTree = "<group>"; };
		12DFE76C1D677EC100E1A01C /* Base */ = {isa = PBXFileReference; lastKnownFileType = file.storyboard; name = Base; path = Base.lproj/LaunchScreen.storyboard; sourceTree = "<group>"; };
		12DFE76E1D677EC100E1A01C /* Info.plist */ = {isa = PBXFileReference; lastKnownFileType = text.plist.xml; path = Info.plist; sourceTree = "<group>"; };
		12DFE7741D6782D800E1A01C /* pokemon.csv */ = {isa = PBXFileReference; fileEncoding = 4; lastKnownFileType = text; path = pokemon.csv; sourceTree = "<group>"; };
/* End PBXFileReference section */

/* Begin PBXFrameworksBuildPhase section */
		12DFE75C1D677EC100E1A01C /* Frameworks */ = {
			isa = PBXFrameworksBuildPhase;
			buildActionMask = 2147483647;
			files = (
			);
			runOnlyForDeploymentPostprocessing = 0;
		};
/* End PBXFrameworksBuildPhase section */

/* Begin PBXGroup section */
		12DFE7561D677EC100E1A01C = {
			isa = PBXGroup;
			children = (
				12DFE7611D677EC100E1A01C /* PokemonGOPokedex */,
				12DFE7601D677EC100E1A01C /* Products */,
			);
			sourceTree = "<group>";
		};
		12DFE7601D677EC100E1A01C /* Products */ = {
			isa = PBXGroup;
			children = (
				12DFE75F1D677EC100E1A01C /* PokemonGOPokedex.app */,
			);
			name = Products;
			sourceTree = "<group>";
		};
		12DFE7611D677EC100E1A01C /* PokemonGOPokedex */ = {
			isa = PBXGroup;
			children = (
				12DFE7621D677EC100E1A01C /* AppDelegate.swift */,
				12DFE7641D677EC100E1A01C /* ViewController.swift */,
				12DFE7661D677EC100E1A01C /* Main.storyboard */,
				12DFE7691D677EC100E1A01C /* Assets.xcassets */,
				12DFE7741D6782D800E1A01C /* pokemon.csv */,
				12DFE76B1D677EC100E1A01C /* LaunchScreen.storyboard */,
				12DFE76E1D677EC100E1A01C /* Info.plist */,
			);
			path = PokemonGOPokedex;
			sourceTree = "<group>";
		};
/* End PBXGroup section */

/* Begin PBXNativeTarget section */
		12DFE75E1D677EC100E1A01C /* PokemonGOPokedex */ = {
			isa = PBXNativeTarget;
			buildConfigurationList = 12DFE7711D677EC100E1A01C /* Build configuration list for PBXNativeTarget "PokemonGOPokedex" */;
			buildPhases = (
				12DFE75B1D677EC100E1A01C /* Sources */,
				12DFE75C1D677EC100E1A01C /* Frameworks */,
				12DFE75D1D677EC100E1A01C /* Resources */,
			);
			buildRules = (
			);
			dependencies = (
			);
			name = PokemonGOPokedex;
			productName = PokemonGOPokedex;
			productReference = 12DFE75F1D677EC100E1A01C /* PokemonGOPokedex.app */;
			productType = "com.apple.product-type.application";
		};
/* End PBXNativeTarget section */

/* Begin PBXProject section */
		12DFE7571D677EC100E1A01C /* Project object */ = {
			isa = PBXProject;
			attributes = {
				LastSwiftUpdateCheck = 0800;
				LastUpgradeCheck = 0800;
				ORGANIZATIONNAME = brandongregoire;
				TargetAttributes = {
					12DFE75E1D677EC100E1A01C = {
						CreatedOnToolsVersion = 8.0;
						ProvisioningStyle = Automatic;
					};
				};
			};
			buildConfigurationList = 12DFE75A1D677EC100E1A01C /* Build configuration list for PBXProject "PokemonGOPokedex" */;
			compatibilityVersion = "Xcode 3.2";
			developmentRegion = English;
			hasScannedForEncodings = 0;
			knownRegions = (
				en,
				Base,
			);
			mainGroup = 12DFE7561D677EC100E1A01C;
			productRefGroup = 12DFE7601D677EC100E1A01C /* Products */;
			projectDirPath = "";
			projectRoot = "";
			targets = (
				12DFE75E1D677EC100E1A01C /* PokemonGOPokedex */,
			);
		};
/* End PBXProject section */

/* Begin PBXResourcesBuildPhase section */
		12DFE75D1D677EC100E1A01C /* Resources */ = {
			isa = PBXResourcesBuildPhase;
			buildActionMask = 2147483647;
			files = (
				12DFE76D1D677EC100E1A01C /* LaunchScreen.storyboard in Resources */,
				12DFE76A1D677EC100E1A01C /* Assets.xcassets in Resources */,
				12DFE7751D6782D800E1A01C /* pokemon.csv in Resources */,
				12DFE7681D677EC100E1A01C /* Main.storyboard in Resources */,
			);
			runOnlyForDeploymentPostprocessing = 0;
		};
/* End PBXResourcesBuildPhase section */

/* Begin PBXSourcesBuildPhase section */
		12DFE75B1D677EC100E1A01C /* Sources */ = {
			isa = PBXSourcesBuildPhase;
			buildActionMask = 2147483647;
			files = (
				12DFE7651D677EC100E1A01C /* ViewController.swift in Sources */,
				12DFE7631D677EC100E1A01C /* AppDelegate.swift in Sources */,
			);
			runOnlyForDeploymentPostprocessing = 0;
		};
/* End PBXSourcesBuildPhase section */

/* Begin PBXVariantGroup section */
		12DFE7661D677EC100E1A01C /* Main.storyboard */ = {
			isa = PBXVariantGroup;
			children = (
				12DFE7671D677EC100E1A01C /* Base */,
			);
			name = Main.storyboard;
			sourceTree = "<group>";
		};
		12DFE76B1D677EC100E1A01C /* LaunchScreen.storyboard */ = {
			isa = PBXVariantGroup;
			children = (
				12DFE76C1D677EC100E1A01C /* Base */,
			);
			name = LaunchScreen.storyboard;
			sourceTree = "<group>";
		};
/* End PBXVariantGroup section */

/* Begin XCBuildConfiguration section */
		12DFE76F1D677EC100E1A01C /* Debug */ = {
			isa = XCBuildConfiguration;
			buildSettings = {
				ALWAYS_SEARCH_USER_PATHS = NO;
				CLANG_ANALYZER_NONNULL = YES;
				CLANG_CXX_LANGUAGE_STANDARD = "gnu++0x";
				CLANG_CXX_LIBRARY = "libc++";
				CLANG_ENABLE_MODULES = YES;
				CLANG_ENABLE_OBJC_ARC = YES;
				CLANG_WARN_BOOL_CONVERSION = YES;
				CLANG_WARN_CONSTANT_CONVERSION = YES;
				CLANG_WARN_DIRECT_OBJC_ISA_USAGE = YES_ERROR;
				CLANG_WARN_DOCUMENTATION_COMMENTS = YES;
				CLANG_WARN_EMPTY_BODY = YES;
				CLANG_WARN_ENUM_CONVERSION = YES;
				CLANG_WARN_INFINITE_RECURSION = YES;
				CLANG_WARN_INT_CONVERSION = YES;
				CLANG_WARN_OBJC_ROOT_CLASS = YES_ERROR;
				CLANG_WARN_SUSPICIOUS_MOVES = YES;
				CLANG_WARN_UNREACHABLE_CODE = YES;
				CLANG_WARN__DUPLICATE_METHOD_MATCH = YES;
				"CODE_SIGN_IDENTITY[sdk=iphoneos*]" = "iPhone Developer";
				COPY_PHASE_STRIP = NO;
				DEBUG_INFORMATION_FORMAT = dwarf;
				ENABLE_STRICT_OBJC_MSGSEND = YES;
				ENABLE_TESTABILITY = YES;
				GCC_C_LANGUAGE_STANDARD = gnu99;
				GCC_DYNAMIC_NO_PIC = NO;
				GCC_NO_COMMON_BLOCKS = YES;
				GCC_OPTIMIZATION_LEVEL = 0;
				GCC_PREPROCESSOR_DEFINITIONS = (
					"DEBUG=1",
					"$(inherited)",
				);
				GCC_WARN_64_TO_32_BIT_CONVERSION = YES;
				GCC_WARN_ABOUT_RETURN_TYPE = YES_ERROR;
				GCC_WARN_UNDECLARED_SELECTOR = YES;
				GCC_WARN_UNINITIALIZED_AUTOS = YES_AGGRESSIVE;
				GCC_WARN_UNUSED_FUNCTION = YES;
				GCC_WARN_UNUSED_VARIABLE = YES;
				IPHONEOS_DEPLOYMENT_TARGET = 10.0;
				MTL_ENABLE_DEBUG_INFO = YES;
				ONLY_ACTIVE_ARCH = YES;
				SDKROOT = iphoneos;
				SWIFT_ACTIVE_COMPILATION_CONDITIONS = DEBUG;
				SWIFT_OPTIMIZATION_LEVEL = "-Onone";
			};
			name = Debug;
		};
		12DFE7701D677EC100E1A01C /* Release */ = {
			isa = XCBuildConfiguration;
			buildSettings = {
				ALWAYS_SEARCH_USER_PATHS = NO;
				CLANG_ANALYZER_NONNULL = YES;
				CLANG_CXX_LANGUAGE_STANDARD = "gnu++0x";
				CLANG_CXX_LIBRARY = "libc++";
				CLANG_ENABLE_MODULES = YES;
				CLANG_ENABLE_OBJC_ARC = YES;
				CLANG_WARN_BOOL_CONVERSION = YES;
				CLANG_WARN_CONSTANT_CONVERSION = YES;
				CLANG_WARN_DIRECT_OBJC_ISA_USAGE = YES_ERROR;
				CLANG_WARN_DOCUMENTATION_COMMENTS = YES;
				CLANG_WARN_EMPTY_BODY = YES;
				CLANG_WARN_ENUM_CONVERSION = YES;
				CLANG_WARN_INFINITE_RECURSION = YES;
				CLANG_WARN_INT_CONVERSION = YES;
				CLANG_WARN_OBJC_ROOT_CLASS = YES_ERROR;
				CLANG_WARN_SUSPICIOUS_MOVES = YES;
				CLANG_WARN_UNREACHABLE_CODE = YES;
				CLANG_WARN__DUPLICATE_METHOD_MATCH = YES;
				"CODE_SIGN_IDENTITY[sdk=iphoneos*]" = "iPhone Developer";
				COPY_PHASE_STRIP = NO;
				DEBUG_INFORMATION_FORMAT = "dwarf-with-dsym";
				ENABLE_NS_ASSERTIONS = NO;
				ENABLE_STRICT_OBJC_MSGSEND = YES;
				GCC_C_LANGUAGE_STANDARD = gnu99;
				GCC_NO_COMMON_BLOCKS = YES;
				GCC_WARN_64_TO_32_BIT_CONVERSION = YES;
				GCC_WARN_ABOUT_RETURN_TYPE = YES_ERROR;
				GCC_WARN_UNDECLARED_SELECTOR = YES;
				GCC_WARN_UNINITIALIZED_AUTOS = YES_AGGRESSIVE;
				GCC_WARN_UNUSED_FUNCTION = YES;
				GCC_WARN_UNUSED_VARIABLE = YES;
				IPHONEOS_DEPLOYMENT_TARGET = 10.0;
				MTL_ENABLE_DEBUG_INFO = NO;
				SDKROOT = iphoneos;
				SWIFT_OPTIMIZATION_LEVEL = "-Owholemodule";
				VALIDATE_PRODUCT = YES;
			};
			name = Release;
		};
		12DFE7721D677EC100E1A01C /* Debug */ = {
			isa = XCBuildConfiguration;
			buildSettings = {
				ASSETCATALOG_COMPILER_APPICON_NAME = AppIcon;
				INFOPLIST_FILE = PokemonGOPokedex/Info.plist;
				LD_RUNPATH_SEARCH_PATHS = "$(inherited) @executable_path/Frameworks";
				PRODUCT_BUNDLE_IDENTIFIER = com.brandongregoire.PokemonGOPokedex;
				PRODUCT_NAME = "$(TARGET_NAME)";
				SWIFT_VERSION = 3.0;
			};
			name = Debug;
		};
		12DFE7731D677EC100E1A01C /* Release */ = {
			isa = XCBuildConfiguration;
			buildSettings = {
				ASSETCATALOG_COMPILER_APPICON_NAME = AppIcon;
				INFOPLIST_FILE = PokemonGOPokedex/Info.plist;
				LD_RUNPATH_SEARCH_PATHS = "$(inherited) @executable_path/Frameworks";
				PRODUCT_BUNDLE_IDENTIFIER = com.brandongregoire.PokemonGOPokedex;
				PRODUCT_NAME = "$(TARGET_NAME)";
				SWIFT_VERSION = 3.0;
			};
			name = Release;
		};
/* End XCBuildConfiguration section */

/* Begin XCConfigurationList section */
		12DFE75A1D677EC100E1A01C /* Build configuration list for PBXProject "PokemonGOPokedex" */ = {
			isa = XCConfigurationList;
			buildConfigurations = (
				12DFE76F1D677EC100E1A01C /* Debug */,
				12DFE7701D677EC100E1A01C /* Release */,
			);
			defaultConfigurationIsVisible = 0;
			defaultConfigurationName = Release;
		};
		12DFE7711D677EC100E1A01C /* Build configuration list for PBXNativeTarget "PokemonGOPokedex" */ = {
			isa = XCConfigurationList;
			buildConfigurations = (
				12DFE7721D677EC100E1A01C /* Debug */,
				12DFE7731D677EC100E1A01C /* Release */,
			);
			defaultConfigurationIsVisible = 0;
			defaultConfigurationName = Release;
		};
/* End XCConfigurationList section */
	};
	rootObject = 12DFE7571D677EC100E1A01C /* Project object */;
}
